{
    "name": "@deriv/utils",
    "version": "1.0.0",
    "lockfileVersion": 3,
    "requires": true,
    "packages": {
        "": {
            "name": "@deriv/utils",
            "version": "1.0.0",
            "dependencies": {
                "bowser": "^2.9.0",
                "lodash.groupby": "^4.6.0",
                "lodash.pickby": "^4.6.0",
                "moment": "^2.29.2"
            },
            "devDependencies": {
                "@deriv/api-types": "^1.0.118",
                "@types/lodash.groupby": "^4.6.7",
                "@types/lodash.pickby": "^4.6.7",
                "typescript": "^4.6.3"
            }
        },
        "node_modules/@deriv/api-types": {
            "version": "1.0.3587",
            "resolved": "https://registry.npmjs.org/@deriv/api-types/-/api-types-1.0.3587.tgz",
            "integrity": "sha512-Ewnhxx1L+S2vlbzWn3FPF+4qyv65CBnFeijwW299nNIS2AFknMKu/6KeKZG7OtQ0oaPhBUSdgHaDHbzMf76WPQ==",
            "dev": true
        },
        "node_modules/@types/lodash": {
            "version": "4.17.20",
            "resolved": "https://registry.npmjs.org/@types/lodash/-/lodash-4.17.20.tgz",
            "integrity": "sha512-H3MHACvFUEiujabxhaI/ImO6gUrd8oOurg7LQtS7mbwIXA/cUqWrvBsaeJ23aZEPk1TAYkurjfMbSELfoCXlGA==",
            "dev": true
        },
        "node_modules/@types/lodash.groupby": {
            "version": "4.6.9",
            "resolved": "https://registry.npmjs.org/@types/lodash.groupby/-/lodash.groupby-4.6.9.tgz",
            "integrity": "sha512-z2xtCX2ko7GrqORnnYea4+ksT7jZNAvaOcLd6mP9M7J09RHvJs06W8BGdQQAX8ARef09VQLdeRilSOcfHlDQJQ==",
            "dev": true,
            "dependencies": {
                "@types/lodash": "*"
            }
        },
        "node_modules/@types/lodash.pickby": {
            "version": "4.6.9",
            "resolved": "https://registry.npmjs.org/@types/lodash.pickby/-/lodash.pickby-4.6.9.tgz",
            "integrity": "sha512-SPI248FYnyd3jOxDeJq2vX2UKQnDzqacuqdeOVqwE1MPSk8gN8TA3FcHSMQWLlpBnuHgXvgKInvywbOFbidpJA==",
            "dev": true,
            "dependencies": {
                "@types/lodash": "*"
            }
        },
        "node_modules/bowser": {
            "version": "2.12.1",
            "resolved": "https://registry.npmjs.org/bowser/-/bowser-2.12.1.tgz",
            "integrity": "sha512-z4rE2Gxh7tvshQ4hluIT7XcFrgLIQaw9X3A+kTTRdovCz5PMukm/0QC/BKSYPj3omF5Qfypn9O/c5kgpmvYUCw=="
        },
        "node_modules/lodash.groupby": {
            "version": "4.6.0",
            "resolved": "https://registry.npmjs.org/lodash.groupby/-/lodash.groupby-4.6.0.tgz",
            "integrity": "sha512-5dcWxm23+VAoz+awKmBaiBvzox8+RqMgFhi7UvX9DHZr2HdxHXM/Wrf8cfKpsW37RNrvtPn6hSwNqurSILbmJw=="
        },
        "node_modules/lodash.pickby": {
            "version": "4.6.0",
            "resolved": "https://registry.npmjs.org/lodash.pickby/-/lodash.pickby-4.6.0.tgz",
            "integrity": "sha512-AZV+GsS/6ckvPOVQPXSiFFacKvKB4kOQu6ynt9wz0F3LO4R9Ij4K1ddYsIytDpSgLz88JHd9P+oaLeej5/Sl7Q=="
        },
        "node_modules/moment": {
            "version": "2.30.1",
            "resolved": "https://registry.npmjs.org/moment/-/moment-2.30.1.tgz",
            "integrity": "sha512-uEmtNhbDOrWPFS+hdjFCBfy9f2YoyzRpwcl+DqpC6taX21FzsTLQVbMV/W7PzNSX6x/bhC1zA3c2UQ5NzH6how==",
            "engines": {
                "node": "*"
            }
        },
        "node_modules/typescript": {
            "version": "4.9.5",
            "resolved": "https://registry.npmjs.org/typescript/-/typescript-4.9.5.tgz",
            "integrity": "sha512-1FXk9E2Hm+QzZQ7z+McJiHL4NW1F2EzMu9Nq9i3zAaGqibafqYwCVU6WyWAuyQRRzOlxou8xZSyXLEN8oKj24g==",
            "dev": true,
            "bin": {
                "tsc": "bin/tsc",
                "tsserver": "bin/tsserver"
            },
            "engines": {
                "node": ">=4.2.0"
            }
        }
    }
}
